
Microsoft Visual Studio Solution File, Format Version 12.00
# Visual Studio Version 17
VisualStudioVersion = 17.14.36518.9
MinimumVisualStudioVersion = 10.0.40219.1
Project("{FAE04EC0-301F-11D3-BF4B-00C04F79EFBC}") = "SimpleProductAPI.Tests", "SimpleProductAPI.Tests.csproj", "{3D6D1D2F-2AA2-4E58-9BE1-EBCCC1DF257F}"
EndProject
Project("{FAE04EC0-301F-11D3-BF4B-00C04F79EFBC}") = "SimpleProductAPI", "..\SimpleProductAPI\SimpleProductAPI.csproj", "{FFF8FEB8-6EFF-EE63-68A2-D7E3C4EE6E28}"
EndProject
Global
	GlobalSection(SolutionConfigurationPlatforms) = preSolution
		Debug|Any CPU = Debug|Any CPU
		Release|Any CPU = Release|Any CPU
	EndGlobalSection
	GlobalSection(ProjectConfigurationPlatforms) = postSolution
		{3D6D1D2F-2AA2-4E58-9BE1-EBCCC1DF257F}.Debug|Any CPU.ActiveCfg = Debug|Any CPU
		{3D6D1D2F-2AA2-4E58-9BE1-EBCCC1DF257F}.Debug|Any CPU.Build.0 = Debug|Any CPU
		{3D6D1D2F-2AA2-4E58-9BE1-EBCCC1DF257F}.Release|Any CPU.ActiveCfg = Release|Any CPU
		{3D6D1D2F-2AA2-4E58-9BE1-EBCCC1DF257F}.Release|Any CPU.Build.0 = Release|Any CPU
		{FFF8FEB8-6EFF-EE63-68A2-D7E3C4EE6E28}.Debug|Any CPU.ActiveCfg = Debug|Any CPU
		{FFF8FEB8-6EFF-EE63-68A2-D7E3C4EE6E28}.Debug|Any CPU.Build.0 = Debug|Any CPU
		{FFF8FEB8-6EFF-EE63-68A2-D7E3C4EE6E28}.Release|Any CPU.ActiveCfg = Release|Any CPU
		{FFF8FEB8-6EFF-EE63-68A2-D7E3C4EE6E28}.Release|Any CPU.Build.0 = Release|Any CPU
	EndGlobalSection
	GlobalSection(SolutionProperties) = preSolution
		HideSolutionNode = FALSE
	EndGlobalSection
	GlobalSection(ExtensibilityGlobals) = postSolution
		SolutionGuid = {62B12AEB-95C6-4AE4-9296-D7BB646C0395}
	EndGlobalSection
EndGlobal
